
Microsoft Visual Studio Solution File, Format Version 12.00
# Visual Studio 15
VisualStudioVersion = 15.0.28307.168
MinimumVisualStudioVersion = 10.0.40219.1
Project("{9A19103F-16F7-4668-BE54-9A1E7A4F7556}") = "EmployeeManagement", "EmployeeManagement\EmployeeManagement.csproj", "{CF2F8E56-7DB0-4A35-A70B-F5398373C3DE}"
EndProject
Global
	GlobalSection(SolutionConfigurationPlatforms) = preSolution
		Debug|Any CPU = Debug|Any CPU
		Release|Any CPU = Release|Any CPU
	EndGlobalSection
	GlobalSection(ProjectConfigurationPlatforms) = postSolution
		{CF2F8E56-7DB0-4A35-A70B-F5398373C3DE}.Debug|Any CPU.ActiveCfg = Debug|Any CPU
		{CF2F8E56-7DB0-4A35-A70B-F5398373C3DE}.Debug|Any CPU.Build.0 = Debug|Any CPU
		{CF2F8E56-7DB0-4A35-A70B-F5398373C3DE}.Release|Any CPU.ActiveCfg = Release|Any CPU
		{CF2F8E56-7DB0-4A35-A70B-F5398373C3DE}.Release|Any CPU.Build.0 = Release|Any CPU
	EndGlobalSection
	GlobalSection(SolutionProperties) = preSolution
		HideSolutionNode = FALSE
	EndGlobalSection
	GlobalSection(ExtensibilityGlobals) = postSolution
		SolutionGuid = {24137C03-21C6-4303-BCCD-E863D4ABA3F7}
	EndGlobalSection
EndGlobal
